{
  "sources": {
    "ktc-memcached": {
      "path": "."
    },
    "ktc-etcd": {
      "locked_version": "1.1.4",
      "git": "git://github.com/cloudware-cookbooks/ktc-etcd.git",
      "ref": "85ff6bf8451dec06dae181edecb594e0a85c4df3"
    },
    "ktc-utils": {
      "locked_version": "0.3.2",
      "git": "git://github.com/cloudware-cookbooks/ktc-utils.git",
      "ref": "2ee6a15c28bd23ae7eff809060374e9d7412c733"
    },
    "memcached": {
      "locked_version": "1.5.1",
      "git": "git://github.com/opscode-cookbooks/memcached.git",
      "ref": "d527134987d4e53bb86bd2319b1f1cbf8171355a"
    },
    "openstack-block-storage": {
      "locked_version": "7.0.3",
      "git": "git://github.com/stackforge/cookbook-openstack-block-storage.git",
      "ref": "bc00347db1b4e12caca5ccb21b1ec93237637d5c"
    },
    "openstack-common": {
      "locked_version": "0.4.3",
      "git": "git://github.com/stackforge/cookbook-openstack-common.git",
      "ref": "eb5eed7126b6a6efbaf803e8a594d610cf661e97"
    },
    "openstack-identity": {
      "locked_version": "7.0.0",
      "git": "git://github.com/stackforge/cookbook-openstack-identity.git",
      "ref": "f276a92eac9a781845147b0af71d627a60b75da6"
    },
    "openstack-image": {
      "locked_version": "7.0.0",
      "git": "git://github.com/stackforge/cookbook-openstack-image.git",
      "ref": "b42df8e3bcbec626d0691f7c84c9166c7d2c890c"
    },
    "openstack-object-storage": {
      "locked_version": "1.1.0",
      "git": "git://github.com/stackforge/cookbook-openstack-object-storage.git",
      "ref": "54b7e7719af5edff343971d570bdfd2e8f162720"
    },
    "services": {
      "locked_version": "1.0.9",
      "git": "git://github.com/spheromak/services-cookbook.git",
      "ref": "02c892eea3896a532394af24f3ab1f146a3f4a16"
    },
    "yum": {
      "locked_version": "2.3.1",
      "git": "git://github.com/spheromak/yum.git",
      "ref": "8c3b6099c45b7f522b96f1a417e9bb9fa3d65b5b"
    },
    "ktc-testing": {
      "path": "../ktc-testing"
    },
    "ubuntu": {
      "locked_version": "1.1.2"
    },
    "etcd": {
      "locked_version": "1.2.4"
    },
    "ark": {
      "locked_version": "0.3.2"
    },
    "partial_search": {
      "locked_version": "1.0.2"
    },
    "runit": {
      "locked_version": "1.2.0"
    },
    "build-essential": {
      "locked_version": "1.4.2"
    },
    "apt": {
      "locked_version": "2.1.1"
    },
    "selinux": {
      "locked_version": "0.5.6"
    },
    "python": {
      "locked_version": "1.4.0"
    },
    "database": {
      "locked_version": "1.4.0"
    },
    "mysql": {
      "locked_version": "3.0.4"
    },
    "openssl": {
      "locked_version": "1.1.0"
    },
    "postgresql": {
      "locked_version": "3.0.4"
    },
    "aws": {
      "locked_version": "0.101.4"
    },
    "xfs": {
      "locked_version": "1.1.0"
    },
    "sysctl": {
      "locked_version": "0.3.3"
    },
    "statsd": {
      "locked_version": "0.0.1"
    },
    "git": {
      "locked_version": "2.6.0"
    },
    "dmg": {
      "locked_version": "2.0.0"
    },
    "windows": {
      "locked_version": "1.10.0"
    },
    "chef_handler": {
      "locked_version": "1.1.4"
    }
  }
}
